
Microsoft Visual Studio Solution File, Format Version 12.00
# Visual Studio 14
VisualStudioVersion = 14.0.25123.0
MinimumVisualStudioVersion = 10.0.40219.1
Project("{FAE04EC0-301F-11D3-BF4B-00C04F79EFBC}") = "cs-moea", "cs-moea\cs-moea.csproj", "{BFD37561-20CD-4F59-9C28-E33F469655BB}"
EndProject
Project("{FAE04EC0-301F-11D3-BF4B-00C04F79EFBC}") = "cs-moea-samples", "cs-moea-samples\cs-moea-samples.csproj", "{76349E65-FF55-4557-B196-47A9916669BB}"
EndProject
Project("{FAE04EC0-301F-11D3-BF4B-00C04F79EFBC}") = "cs-moea-samples-gui-winforms", "cs-moea-samples-gui-winforms\cs-moea-samples-gui-winforms.csproj", "{E85FCF96-86A0-4F89-99C1-CD5A5C42B695}"
EndProject
Global
	GlobalSection(SolutionConfigurationPlatforms) = preSolution
		Debug|Any CPU = Debug|Any CPU
		Release|Any CPU = Release|Any CPU
	EndGlobalSection
	GlobalSection(ProjectConfigurationPlatforms) = postSolution
		{BFD37561-20CD-4F59-9C28-E33F469655BB}.Debug|Any CPU.ActiveCfg = Debug|Any CPU
		{BFD37561-20CD-4F59-9C28-E33F469655BB}.Debug|Any CPU.Build.0 = Debug|Any CPU
		{BFD37561-20CD-4F59-9C28-E33F469655BB}.Release|Any CPU.ActiveCfg = Release|Any CPU
		{BFD37561-20CD-4F59-9C28-E33F469655BB}.Release|Any CPU.Build.0 = Release|Any CPU
		{76349E65-FF55-4557-B196-47A9916669BB}.Debug|Any CPU.ActiveCfg = Debug|Any CPU
		{76349E65-FF55-4557-B196-47A9916669BB}.Debug|Any CPU.Build.0 = Debug|Any CPU
		{76349E65-FF55-4557-B196-47A9916669BB}.Release|Any CPU.ActiveCfg = Release|Any CPU
		{76349E65-FF55-4557-B196-47A9916669BB}.Release|Any CPU.Build.0 = Release|Any CPU
		{E85FCF96-86A0-4F89-99C1-CD5A5C42B695}.Debug|Any CPU.ActiveCfg = Debug|Any CPU
		{E85FCF96-86A0-4F89-99C1-CD5A5C42B695}.Debug|Any CPU.Build.0 = Debug|Any CPU
		{E85FCF96-86A0-4F89-99C1-CD5A5C42B695}.Release|Any CPU.ActiveCfg = Release|Any CPU
		{E85FCF96-86A0-4F89-99C1-CD5A5C42B695}.Release|Any CPU.Build.0 = Release|Any CPU
	EndGlobalSection
	GlobalSection(SolutionProperties) = preSolution
		HideSolutionNode = FALSE
	EndGlobalSection
EndGlobal
